// !$*UTF8*$!
{
	archiveVersion = 1;
	classes = {
	};
	objectVersion = 55;
	objects = {

/* Begin PBXBuildFile section */
		8047CE6927F6C94D00E12292 /* Landmark.swift in Sources */ = {isa = PBXBuildFile; fileRef = 8047CE6827F6C94D00E12292 /* Landmark.swift */; };
		8047CE6B27F6CB6D00E12292 /* ModelData.swift in Sources */ = {isa = PBXBuildFile; fileRef = 8047CE6A27F6CB6D00E12292 /* ModelData.swift */; };
		8054DBBF27F701D40034BA36 /* RotateBadgeSymbol.swift in Sources */ = {isa = PBXBuildFile; fileRef = 8054DBB927F701D40034BA36 /* RotateBadgeSymbol.swift */; };
		8054DBC027F701D40034BA36 /* HexagonParameters.swift in Sources */ = {isa = PBXBuildFile; fileRef = 8054DBBA27F701D40034BA36 /* HexagonParameters.swift */; };
		8054DBC127F701D40034BA36 /* BadgeSymbol.swift in Sources */ = {isa = PBXBuildFile; fileRef = 8054DBBB27F701D40034BA36 /* BadgeSymbol.swift */; };
		8054DBC227F701D40034BA36 /* BadgeBackground.swift in Sources */ = {isa = PBXBuildFile; fileRef = 8054DBBC27F701D40034BA36 /* BadgeBackground.swift */; };
		8054DBC427F701D40034BA36 /* Badge.swift in Sources */ = {isa = PBXBuildFile; fileRef = 8054DBBE27F701D40034BA36 /* Badge.swift */; };
		805771CB27F48323004179D2 /* landmarkApp.swift in Sources */ = {isa = PBXBuildFile; fileRef = 805771CA27F48323004179D2 /* landmarkApp.swift */; };
		805771CD27F48323004179D2 /* ContentView.swift in Sources */ = {isa = PBXBuildFile; fileRef = 805771CC27F48323004179D2 /* ContentView.swift */; };
		805771CF27F48325004179D2 /* Assets.xcassets in Resources */ = {isa = PBXBuildFile; fileRef = 805771CE27F48325004179D2 /* Assets.xcassets */; };
		805771D227F48325004179D2 /* Preview Assets.xcassets in Resources */ = {isa = PBXBuildFile; fileRef = 805771D127F48325004179D2 /* Preview Assets.xcassets */; };
		805771DC27F48325004179D2 /* landmarkTests.swift in Sources */ = {isa = PBXBuildFile; fileRef = 805771DB27F48325004179D2 /* landmarkTests.swift */; };
		805771E627F48325004179D2 /* landmarkUITests.swift in Sources */ = {isa = PBXBuildFile; fileRef = 805771E527F48325004179D2 /* landmarkUITests.swift */; };
		805771E827F48325004179D2 /* landmarkUITestsLaunchTests.swift in Sources */ = {isa = PBXBuildFile; fileRef = 805771E727F48325004179D2 /* landmarkUITestsLaunchTests.swift */; };
		806515D227F5B025004DB892 /* CircleImage.swift in Sources */ = {isa = PBXBuildFile; fileRef = 806515D127F5B025004DB892 /* CircleImage.swift */; };
		806515D427F5B0DD004DB892 /* MapView.swift in Sources */ = {isa = PBXBuildFile; fileRef = 806515D327F5B0DD004DB892 /* MapView.swift */; };
		80BABA0627F6D21F00BFB3C3 /* LandmarkRow.swift in Sources */ = {isa = PBXBuildFile; fileRef = 80BABA0527F6D21F00BFB3C3 /* LandmarkRow.swift */; };
		80BE92A927F6E472003C4F6D /* FavoritedButton.swift in Sources */ = {isa = PBXBuildFile; fileRef = 80BE92A827F6E472003C4F6D /* FavoritedButton.swift */; };
		80E5821627F6D62300492586 /* landmarkData.json in Resources */ = {isa = PBXBuildFile; fileRef = 80E5821527F6D62300492586 /* landmarkData.json */; };
		80E5821927F6D78B00492586 /* LandmarkList.swift in Sources */ = {isa = PBXBuildFile; fileRef = 80E5821827F6D78B00492586 /* LandmarkList.swift */; };
		80E5821B27F6D8FE00492586 /* LandmarkDetail.swift in Sources */ = {isa = PBXBuildFile; fileRef = 80E5821A27F6D8FE00492586 /* LandmarkDetail.swift */; };
/* End PBXBuildFile section */

/* Begin PBXContainerItemProxy section */
		805771D827F48325004179D2 /* PBXContainerItemProxy */ = {
			isa = PBXContainerItemProxy;
			containerPortal = 805771BF27F48323004179D2 /* Project object */;
			proxyType = 1;
			remoteGlobalIDString = 805771C627F48323004179D2;
			remoteInfo = landmark;
		};
		805771E227F48325004179D2 /* PBXContainerItemProxy */ = {
			isa = PBXContainerItemProxy;
			containerPortal = 805771BF27F48323004179D2 /* Project object */;
			proxyType = 1;
			remoteGlobalIDString = 805771C627F48323004179D2;
			remoteInfo = landmark;
		};
/* End PBXContainerItemProxy section */

/* Begin PBXFileReference section */
		8047CE6827F6C94D00E12292 /* Landmark.swift */ = {isa = PBXFileReference; lastKnownFileType = sourcecode.swift; path = Landmark.swift; sourceTree = "<group>"; };
		8047CE6A27F6CB6D00E12292 /* ModelData.swift */ = {isa = PBXFileReference; lastKnownFileType = sourcecode.swift; path = ModelData.swift; sourceTree = "<group>"; };
		8054DBB927F701D40034BA36 /* RotateBadgeSymbol.swift */ = {isa = PBXFileReference; fileEncoding = 4; lastKnownFileType = sourcecode.swift; path = RotateBadgeSymbol.swift; sourceTree = "<group>"; };
		8054DBBA27F701D40034BA36 /* HexagonParameters.swift */ = {isa = PBXFileReference; fileEncoding = 4; lastKnownFileType = sourcecode.swift; path = HexagonParameters.swift; sourceTree = "<group>"; };
		8054DBBB27F701D40034BA36 /* BadgeSymbol.swift */ = {isa = PBXFileReference; fileEncoding = 4; lastKnownFileType = sourcecode.swift; path = BadgeSymbol.swift; sourceTree = "<group>"; };
		8054DBBC27F701D40034BA36 /* BadgeBackground.swift */ = {isa = PBXFileReference; fileEncoding = 4; lastKnownFileType = sourcecode.swift; path = BadgeBackground.swift; sourceTree = "<group>"; };
		8054DBBE27F701D40034BA36 /* Badge.swift */ = {isa = PBXFileReference; fileEncoding = 4; lastKnownFileType = sourcecode.swift; path = Badge.swift; sourceTree = "<group>"; };
		805771C727F48323004179D2 /* landmark.app */ = {isa = PBXFileReference; explicitFileType = wrapper.application; includeInIndex = 0; path = landmark.app; sourceTree = BUILT_PRODUCTS_DIR; };
		805771CA27F48323004179D2 /* landmarkApp.swift */ = {isa = PBXFileReference; lastKnownFileType = sourcecode.swift; path = landmarkApp.swift; sourceTree = "<group>"; };
		805771CC27F48323004179D2 /* ContentView.swift */ = {isa = PBXFileReference; lastKnownFileType = sourcecode.swift; path = ContentView.swift; sourceTree = "<group>"; };
		805771CE27F48325004179D2 /* Assets.xcassets */ = {isa = PBXFileReference; lastKnownFileType = folder.assetcatalog; path = Assets.xcassets; sourceTree = "<group>"; };
		805771D127F48325004179D2 /* Preview Assets.xcassets */ = {isa = PBXFileReference; lastKnownFileType = folder.assetcatalog; path = "Preview Assets.xcassets"; sourceTree = "<group>"; };
		805771D727F48325004179D2 /* landmarkTests.xctest */ = {isa = PBXFileReference; explicitFileType = wrapper.cfbundle; includeInIndex = 0; path = landmarkTests.xctest; sourceTree = BUILT_PRODUCTS_DIR; };
		805771DB27F48325004179D2 /* landmarkTests.swift */ = {isa = PBXFileReference; lastKnownFileType = sourcecode.swift; path = landmarkTests.swift; sourceTree = "<group>"; };
		805771E127F48325004179D2 /* landmarkUITests.xctest */ = {isa = PBXFileReference; explicitFileType = wrapper.cfbundle; includeInIndex = 0; path = landmarkUITests.xctest; sourceTree = BUILT_PRODUCTS_DIR; };
		805771E527F48325004179D2 /* landmarkUITests.swift */ = {isa = PBXFileReference; lastKnownFileType = sourcecode.swift; path = landmarkUITests.swift; sourceTree = "<group>"; };
		805771E727F48325004179D2 /* landmarkUITestsLaunchTests.swift */ = {isa = PBXFileReference; lastKnownFileType = sourcecode.swift; path = landmarkUITestsLaunchTests.swift; sourceTree = "<group>"; };
		806515D127F5B025004DB892 /* CircleImage.swift */ = {isa = PBXFileReference; lastKnownFileType = sourcecode.swift; path = CircleImage.swift; sourceTree = "<group>"; };
		806515D327F5B0DD004DB892 /* MapView.swift */ = {isa = PBXFileReference; lastKnownFileType = sourcecode.swift; path = MapView.swift; sourceTree = "<group>"; };
		80BABA0527F6D21F00BFB3C3 /* LandmarkRow.swift */ = {isa = PBXFileReference; lastKnownFileType = sourcecode.swift; path = LandmarkRow.swift; sourceTree = "<group>"; };
		80BE92A827F6E472003C4F6D /* FavoritedButton.swift */ = {isa = PBXFileReference; lastKnownFileType = sourcecode.swift; path = FavoritedButton.swift; sourceTree = "<group>"; };
		80E5821527F6D62300492586 /* landmarkData.json */ = {isa = PBXFileReference; fileEncoding = 4; lastKnownFileType = text.json; path = landmarkData.json; sourceTree = "<group>"; };
		80E5821827F6D78B00492586 /* LandmarkList.swift */ = {isa = PBXFileReference; lastKnownFileType = sourcecode.swift; path = LandmarkList.swift; sourceTree = "<group>"; };
		80E5821A27F6D8FE00492586 /* LandmarkDetail.swift */ = {isa = PBXFileReference; lastKnownFileType = sourcecode.swift; path = LandmarkDetail.swift; sourceTree = "<group>"; };
/* End PBXFileReference section */

/* Begin PBXFrameworksBuildPhase section */
		805771C427F48323004179D2 /* Frameworks */ = {
			isa = PBXFrameworksBuildPhase;
			buildActionMask = 2147483647;
			files = (
			);
			runOnlyForDeploymentPostprocessing = 0;
		};
		805771D427F48325004179D2 /* Frameworks */ = {
			isa = PBXFrameworksBuildPhase;
			buildActionMask = 2147483647;
			files = (
			);
			runOnlyForDeploymentPostprocessing = 0;
		};
		805771DE27F48325004179D2 /* Frameworks */ = {
			isa = PBXFrameworksBuildPhase;
			buildActionMask = 2147483647;
			files = (
			);
			runOnlyForDeploymentPostprocessing = 0;
		};
/* End PBXFrameworksBuildPhase section */

/* Begin PBXGroup section */
		8047CE6F27F6CEAF00E12292 /* Model */ = {
			isa = PBXGroup;
			children = (
				8047CE6827F6C94D00E12292 /* Landmark.swift */,
				8047CE6A27F6CB6D00E12292 /* ModelData.swift */,
			);
			path = Model;
			sourceTree = "<group>";
		};
		8047CE7027F6CF0100E12292 /* Views */ = {
			isa = PBXGroup;
			children = (
				805771CC27F48323004179D2 /* ContentView.swift */,
				80BE92AA27F6E4DE003C4F6D /* Helpers */,
				80BE92AB27F6E4E8003C4F6D /* Landmarks */,
			);
			path = Views;
			sourceTree = "<group>";
		};
		8054DBB827F701D40034BA36 /* Badge */ = {
			isa = PBXGroup;
			children = (
				8054DBB927F701D40034BA36 /* RotateBadgeSymbol.swift */,
				8054DBBA27F701D40034BA36 /* HexagonParameters.swift */,
				8054DBBB27F701D40034BA36 /* BadgeSymbol.swift */,
				8054DBBC27F701D40034BA36 /* BadgeBackground.swift */,
				8054DBBE27F701D40034BA36 /* Badge.swift */,
			);
			path = Badge;
			sourceTree = "<group>";
		};
		805771BE27F48323004179D2 = {
			isa = PBXGroup;
			children = (
				805771C927F48323004179D2 /* landmark */,
				805771DA27F48325004179D2 /* landmarkTests */,
				805771E427F48325004179D2 /* landmarkUITests */,
				805771C827F48323004179D2 /* Products */,
			);
			sourceTree = "<group>";
		};
		805771C827F48323004179D2 /* Products */ = {
			isa = PBXGroup;
			children = (
				805771C727F48323004179D2 /* landmark.app */,
				805771D727F48325004179D2 /* landmarkTests.xctest */,
				805771E127F48325004179D2 /* landmarkUITests.xctest */,
			);
			name = Products;
			sourceTree = "<group>";
		};
		805771C927F48323004179D2 /* landmark */ = {
			isa = PBXGroup;
			children = (
				805771CA27F48323004179D2 /* landmarkApp.swift */,
				8054DBB827F701D40034BA36 /* Badge */,
				8047CE6F27F6CEAF00E12292 /* Model */,
				80E5821727F6D62800492586 /* Resources */,
				8047CE7027F6CF0100E12292 /* Views */,
				805771CE27F48325004179D2 /* Assets.xcassets */,
				805771D027F48325004179D2 /* Preview Content */,
			);
			path = landmark;
			sourceTree = "<group>";
		};
		805771D027F48325004179D2 /* Preview Content */ = {
			isa = PBXGroup;
			children = (
				805771D127F48325004179D2 /* Preview Assets.xcassets */,
			);
			path = "Preview Content";
			sourceTree = "<group>";
		};
		805771DA27F48325004179D2 /* landmarkTests */ = {
			isa = PBXGroup;
			children = (
				805771DB27F48325004179D2 /* landmarkTests.swift */,
			);
			path = landmarkTests;
			sourceTree = "<group>";
		};
		805771E427F48325004179D2 /* landmarkUITests */ = {
			isa = PBXGroup;
			children = (
				805771E527F48325004179D2 /* landmarkUITests.swift */,
				805771E727F48325004179D2 /* landmarkUITestsLaunchTests.swift */,
			);
			path = landmarkUITests;
			sourceTree = "<group>";
		};
		80BE92AA27F6E4DE003C4F6D /* Helpers */ = {
			isa = PBXGroup;
			children = (
				80BE92A827F6E472003C4F6D /* FavoritedButton.swift */,
				806515D127F5B025004DB892 /* CircleImage.swift */,
				806515D327F5B0DD004DB892 /* MapView.swift */,
			);
			path = Helpers;
			sourceTree = "<group>";
		};
		80BE92AB27F6E4E8003C4F6D /* Landmarks */ = {
			isa = PBXGroup;
			children = (
				80BABA0527F6D21F00BFB3C3 /* LandmarkRow.swift */,
				80E5821827F6D78B00492586 /* LandmarkList.swift */,
				80E5821A27F6D8FE00492586 /* LandmarkDetail.swift */,
			);
			path = Landmarks;
			sourceTree = "<group>";
		};
		80E5821727F6D62800492586 /* Resources */ = {
			isa = PBXGroup;
			children = (
				80E5821527F6D62300492586 /* landmarkData.json */,
			);
			path = Resources;
			sourceTree = "<group>";
		};
/* End PBXGroup section */

/* Begin PBXNativeTarget section */
		805771C627F48323004179D2 /* landmark */ = {
			isa = PBXNativeTarget;
			buildConfigurationList = 805771EB27F48325004179D2 /* Build configuration list for PBXNativeTarget "landmark" */;
			buildPhases = (
				805771C327F48323004179D2 /* Sources */,
				805771C427F48323004179D2 /* Frameworks */,
				805771C527F48323004179D2 /* Resources */,
			);
			buildRules = (
			);
			dependencies = (
			);
			name = landmark;
			productName = landmark;
			productReference = 805771C727F48323004179D2 /* landmark.app */;
			productType = "com.apple.product-type.application";
		};
		805771D627F48325004179D2 /* landmarkTests */ = {
			isa = PBXNativeTarget;
			buildConfigurationList = 805771EE27F48325004179D2 /* Build configuration list for PBXNativeTarget "landmarkTests" */;
			buildPhases = (
				805771D327F48325004179D2 /* Sources */,
				805771D427F48325004179D2 /* Frameworks */,
				805771D527F48325004179D2 /* Resources */,
			);
			buildRules = (
			);
			dependencies = (
				805771D927F48325004179D2 /* PBXTargetDependency */,
			);
			name = landmarkTests;
			productName = landmarkTests;
			productReference = 805771D727F48325004179D2 /* landmarkTests.xctest */;
			productType = "com.apple.product-type.bundle.unit-test";
		};
		805771E027F48325004179D2 /* landmarkUITests */ = {
			isa = PBXNativeTarget;
			buildConfigurationList = 805771F127F48325004179D2 /* Build configuration list for PBXNativeTarget "landmarkUITests" */;
			buildPhases = (
				805771DD27F48325004179D2 /* Sources */,
				805771DE27F48325004179D2 /* Frameworks */,
				805771DF27F48325004179D2 /* Resources */,
			);
			buildRules = (
			);
			dependencies = (
				805771E327F48325004179D2 /* PBXTargetDependency */,
			);
			name = landmarkUITests;
			productName = landmarkUITests;
			productReference = 805771E127F48325004179D2 /* landmarkUITests.xctest */;
			productType = "com.apple.product-type.bundle.ui-testing";
		};
/* End PBXNativeTarget section */

/* Begin PBXProject section */
		805771BF27F48323004179D2 /* Project object */ = {
			isa = PBXProject;
			attributes = {
				BuildIndependentTargetsInParallel = 1;
				LastSwiftUpdateCheck = 1330;
				LastUpgradeCheck = 1330;
				TargetAttributes = {
					805771C627F48323004179D2 = {
						CreatedOnToolsVersion = 13.3;
					};
					805771D627F48325004179D2 = {
						CreatedOnToolsVersion = 13.3;
						TestTargetID = 805771C627F48323004179D2;
					};
					805771E027F48325004179D2 = {
						CreatedOnToolsVersion = 13.3;
						TestTargetID = 805771C627F48323004179D2;
					};
				};
			};
			buildConfigurationList = 805771C227F48323004179D2 /* Build configuration list for PBXProject "landmark" */;
			compatibilityVersion = "Xcode 13.0";
			developmentRegion = en;
			hasScannedForEncodings = 0;
			knownRegions = (
				en,
				Base,
			);
			mainGroup = 805771BE27F48323004179D2;
			productRefGroup = 805771C827F48323004179D2 /* Products */;
			projectDirPath = "";
			projectRoot = "";
			targets = (
				805771C627F48323004179D2 /* landmark */,
				805771D627F48325004179D2 /* landmarkTests */,
				805771E027F48325004179D2 /* landmarkUITests */,
			);
		};
/* End PBXProject section */

/* Begin PBXResourcesBuildPhase section */
		805771C527F48323004179D2 /* Resources */ = {
			isa = PBXResourcesBuildPhase;
			buildActionMask = 2147483647;
			files = (
				805771D227F48325004179D2 /* Preview Assets.xcassets in Resources */,
				805771CF27F48325004179D2 /* Assets.xcassets in Resources */,
				80E5821627F6D62300492586 /* landmarkData.json in Resources */,
			);
			runOnlyForDeploymentPostprocessing = 0;
		};
		805771D527F48325004179D2 /* Resources */ = {
			isa = PBXResourcesBuildPhase;
			buildActionMask = 2147483647;
			files = (
			);
			runOnlyForDeploymentPostprocessing = 0;
		};
		805771DF27F48325004179D2 /* Resources */ = {
			isa = PBXResourcesBuildPhase;
			buildActionMask = 2147483647;
			files = (
			);
			runOnlyForDeploymentPostprocessing = 0;
		};
/* End PBXResourcesBuildPhase section */

/* Begin PBXSourcesBuildPhase section */
		805771C327F48323004179D2 /* Sources */ = {
			isa = PBXSourcesBuildPhase;
			buildActionMask = 2147483647;
			files = (
				8054DBC027F701D40034BA36 /* HexagonParameters.swift in Sources */,
				805771CD27F48323004179D2 /* ContentView.swift in Sources */,
				8047CE6927F6C94D00E12292 /* Landmark.swift in Sources */,
				806515D427F5B0DD004DB892 /* MapView.swift in Sources */,
				8054DBBF27F701D40034BA36 /* RotateBadgeSymbol.swift in Sources */,
				8054DBC127F701D40034BA36 /* BadgeSymbol.swift in Sources */,
				80E5821927F6D78B00492586 /* LandmarkList.swift in Sources */,
				80E5821B27F6D8FE00492586 /* LandmarkDetail.swift in Sources */,
				805771CB27F48323004179D2 /* landmarkApp.swift in Sources */,
				8054DBC427F701D40034BA36 /* Badge.swift in Sources */,
				8054DBC227F701D40034BA36 /* BadgeBackground.swift in Sources */,
				806515D227F5B025004DB892 /* CircleImage.swift in Sources */,
				80BABA0627F6D21F00BFB3C3 /* LandmarkRow.swift in Sources */,
				80BE92A927F6E472003C4F6D /* FavoritedButton.swift in Sources */,
				8047CE6B27F6CB6D00E12292 /* ModelData.swift in Sources */,
			);
			runOnlyForDeploymentPostprocessing = 0;
		};
		805771D327F48325004179D2 /* Sources */ = {
			isa = PBXSourcesBuildPhase;
			buildActionMask = 2147483647;
			files = (
				805771DC27F48325004179D2 /* landmarkTests.swift in Sources */,
			);
			runOnlyForDeploymentPostprocessing = 0;
		};
		805771DD27F48325004179D2 /* Sources */ = {
			isa = PBXSourcesBuildPhase;
			buildActionMask = 2147483647;
			files = (
				805771E827F48325004179D2 /* landmarkUITestsLaunchTests.swift in Sources */,
				805771E627F48325004179D2 /* landmarkUITests.swift in Sources */,
			);
			runOnlyForDeploymentPostprocessing = 0;
		};
/* End PBXSourcesBuildPhase section */

/* Begin PBXTargetDependency section */
		805771D927F48325004179D2 /* PBXTargetDependency */ = {
			isa = PBXTargetDependency;
			target = 805771C627F48323004179D2 /* landmark */;
			targetProxy = 805771D827F48325004179D2 /* PBXContainerItemProxy */;
		};
		805771E327F48325004179D2 /* PBXTargetDependency */ = {
			isa = PBXTargetDependency;
			target = 805771C627F48323004179D2 /* landmark */;
			targetProxy = 805771E227F48325004179D2 /* PBXContainerItemProxy */;
		};
/* End PBXTargetDependency section */

/* Begin XCBuildConfiguration section */
		805771E927F48325004179D2 /* Debug */ = {
			isa = XCBuildConfiguration;
			buildSettings = {
				ALWAYS_SEARCH_USER_PATHS = NO;
				CLANG_ANALYZER_NONNULL = YES;
				CLANG_ANALYZER_NUMBER_OBJECT_CONVERSION = YES_AGGRESSIVE;
				CLANG_CXX_LANGUAGE_STANDARD = "gnu++17";
				CLANG_ENABLE_MODULES = YES;
				CLANG_ENABLE_OBJC_ARC = YES;
				CLANG_ENABLE_OBJC_WEAK = YES;
				CLANG_WARN_BLOCK_CAPTURE_AUTORELEASING = YES;
				CLANG_WARN_BOOL_CONVERSION = YES;
				CLANG_WARN_COMMA = YES;
				CLANG_WARN_CONSTANT_CONVERSION = YES;
				CLANG_WARN_DEPRECATED_OBJC_IMPLEMENTATIONS = YES;
				CLANG_WARN_DIRECT_OBJC_ISA_USAGE = YES_ERROR;
				CLANG_WARN_DOCUMENTATION_COMMENTS = YES;
				CLANG_WARN_EMPTY_BODY = YES;
				CLANG_WARN_ENUM_CONVERSION = YES;
				CLANG_WARN_INFINITE_RECURSION = YES;
				CLANG_WARN_INT_CONVERSION = YES;
				CLANG_WARN_NON_LITERAL_NULL_CONVERSION = YES;
				CLANG_WARN_OBJC_IMPLICIT_RETAIN_SELF = YES;
				CLANG_WARN_OBJC_LITERAL_CONVERSION = YES;
				CLANG_WARN_OBJC_ROOT_CLASS = YES_ERROR;
				CLANG_WARN_QUOTED_INCLUDE_IN_FRAMEWORK_HEADER = YES;
				CLANG_WARN_RANGE_LOOP_ANALYSIS = YES;
				CLANG_WARN_STRICT_PROTOTYPES = YES;
				CLANG_WARN_SUSPICIOUS_MOVE = YES;
				CLANG_WARN_UNGUARDED_AVAILABILITY = YES_AGGRESSIVE;
				CLANG_WARN_UNREACHABLE_CODE = YES;
				CLANG_WARN__DUPLICATE_METHOD_MATCH = YES;
				COPY_PHASE_STRIP = NO;
				DEBUG_INFORMATION_FORMAT = dwarf;
				ENABLE_STRICT_OBJC_MSGSEND = YES;
				ENABLE_TESTABILITY = YES;
				GCC_C_LANGUAGE_STANDARD = gnu11;
				GCC_DYNAMIC_NO_PIC = NO;
				GCC_NO_COMMON_BLOCKS = YES;
				GCC_OPTIMIZATION_LEVEL = 0;
				GCC_PREPROCESSOR_DEFINITIONS = (
					"DEBUG=1",
					"$(inherited)",
				);
				GCC_WARN_64_TO_32_BIT_CONVERSION = YES;
				GCC_WARN_ABOUT_RETURN_TYPE = YES_ERROR;
				GCC_WARN_UNDECLARED_SELECTOR = YES;
				GCC_WARN_UNINITIALIZED_AUTOS = YES_AGGRESSIVE;
				GCC_WARN_UNUSED_FUNCTION = YES;
				GCC_WARN_UNUSED_VARIABLE = YES;
				IPHONEOS_DEPLOYMENT_TARGET = 15.4;
				MTL_ENABLE_DEBUG_INFO = INCLUDE_SOURCE;
				MTL_FAST_MATH = YES;
				ONLY_ACTIVE_ARCH = YES;
				SDKROOT = iphoneos;
				SWIFT_ACTIVE_COMPILATION_CONDITIONS = DEBUG;
				SWIFT_OPTIMIZATION_LEVEL = "-Onone";
			};
			name = Debug;
		};
		805771EA27F48325004179D2 /* Release */ = {
			isa = XCBuildConfiguration;
			buildSettings = {
				ALWAYS_SEARCH_USER_PATHS = NO;
				CLANG_ANALYZER_NONNULL = YES;
				CLANG_ANALYZER_NUMBER_OBJECT_CONVERSION = YES_AGGRESSIVE;
				CLANG_CXX_LANGUAGE_STANDARD = "gnu++17";
				CLANG_ENABLE_MODULES = YES;
				CLANG_ENABLE_OBJC_ARC = YES;
				CLANG_ENABLE_OBJC_WEAK = YES;
				CLANG_WARN_BLOCK_CAPTURE_AUTORELEASING = YES;
				CLANG_WARN_BOOL_CONVERSION = YES;
				CLANG_WARN_COMMA = YES;
				CLANG_WARN_CONSTANT_CONVERSION = YES;
				CLANG_WARN_DEPRECATED_OBJC_IMPLEMENTATIONS = YES;
				CLANG_WARN_DIRECT_OBJC_ISA_USAGE = YES_ERROR;
				CLANG_WARN_DOCUMENTATION_COMMENTS = YES;
				CLANG_WARN_EMPTY_BODY = YES;
				CLANG_WARN_ENUM_CONVERSION = YES;
				CLANG_WARN_INFINITE_RECURSION = YES;
				CLANG_WARN_INT_CONVERSION = YES;
				CLANG_WARN_NON_LITERAL_NULL_CONVERSION = YES;
				CLANG_WARN_OBJC_IMPLICIT_RETAIN_SELF = YES;
				CLANG_WARN_OBJC_LITERAL_CONVERSION = YES;
				CLANG_WARN_OBJC_ROOT_CLASS = YES_ERROR;
				CLANG_WARN_QUOTED_INCLUDE_IN_FRAMEWORK_HEADER = YES;
				CLANG_WARN_RANGE_LOOP_ANALYSIS = YES;
				CLANG_WARN_STRICT_PROTOTYPES = YES;
				CLANG_WARN_SUSPICIOUS_MOVE = YES;
				CLANG_WARN_UNGUARDED_AVAILABILITY = YES_AGGRESSIVE;
				CLANG_WARN_UNREACHABLE_CODE = YES;
				CLANG_WARN__DUPLICATE_METHOD_MATCH = YES;
				COPY_PHASE_STRIP = NO;
				DEBUG_INFORMATION_FORMAT = "dwarf-with-dsym";
				ENABLE_NS_ASSERTIONS = NO;
				ENABLE_STRICT_OBJC_MSGSEND = YES;
				GCC_C_LANGUAGE_STANDARD = gnu11;
				GCC_NO_COMMON_BLOCKS = YES;
				GCC_WARN_64_TO_32_BIT_CONVERSION = YES;
				GCC_WARN_ABOUT_RETURN_TYPE = YES_ERROR;
				GCC_WARN_UNDECLARED_SELECTOR = YES;
				GCC_WARN_UNINITIALIZED_AUTOS = YES_AGGRESSIVE;
				GCC_WARN_UNUSED_FUNCTION = YES;
				GCC_WARN_UNUSED_VARIABLE = YES;
				IPHONEOS_DEPLOYMENT_TARGET = 15.4;
				MTL_ENABLE_DEBUG_INFO = NO;
				MTL_FAST_MATH = YES;
				SDKROOT = iphoneos;
				SWIFT_COMPILATION_MODE = wholemodule;
				SWIFT_OPTIMIZATION_LEVEL = "-O";
				VALIDATE_PRODUCT = YES;
			};
			name = Release;
		};
		805771EC27F48325004179D2 /* Debug */ = {
			isa = XCBuildConfiguration;
			buildSettings = {
				ASSETCATALOG_COMPILER_APPICON_NAME = AppIcon;
				ASSETCATALOG_COMPILER_GLOBAL_ACCENT_COLOR_NAME = AccentColor;
				CODE_SIGN_STYLE = Automatic;
				CURRENT_PROJECT_VERSION = 1;
				DEVELOPMENT_ASSET_PATHS = "\"landmark/Preview Content\"";
				ENABLE_PREVIEWS = YES;
				GENERATE_INFOPLIST_FILE = YES;
				INFOPLIST_KEY_UIApplicationSceneManifest_Generation = YES;
				INFOPLIST_KEY_UIApplicationSupportsIndirectInputEvents = YES;
				INFOPLIST_KEY_UILaunchScreen_Generation = YES;
				INFOPLIST_KEY_UISupportedInterfaceOrientations_iPad = "UIInterfaceOrientationPortrait UIInterfaceOrientationPortraitUpsideDown UIInterfaceOrientationLandscapeLeft UIInterfaceOrientationLandscapeRight";
				INFOPLIST_KEY_UISupportedInterfaceOrientations_iPhone = "UIInterfaceOrientationPortrait UIInterfaceOrientationLandscapeLeft UIInterfaceOrientationLandscapeRight";
				LD_RUNPATH_SEARCH_PATHS = (
					"$(inherited)",
					"@executable_path/Frameworks",
				);
				MARKETING_VERSION = 1.0;
				PRODUCT_BUNDLE_IDENTIFIER = com.landmark;
				PRODUCT_NAME = "$(TARGET_NAME)";
				SWIFT_EMIT_LOC_STRINGS = YES;
				SWIFT_VERSION = 5.0;
				TARGETED_DEVICE_FAMILY = "1,2";
			};
			name = Debug;
		};
		805771ED27F48325004179D2 /* Release */ = {
			isa = XCBuildConfiguration;
			buildSettings = {
				ASSETCATALOG_COMPILER_APPICON_NAME = AppIcon;
				ASSETCATALOG_COMPILER_GLOBAL_ACCENT_COLOR_NAME = AccentColor;
				CODE_SIGN_STYLE = Automatic;
				CURRENT_PROJECT_VERSION = 1;
				DEVELOPMENT_ASSET_PATHS = "\"landmark/Preview Content\"";
				ENABLE_PREVIEWS = YES;
				GENERATE_INFOPLIST_FILE = YES;
				INFOPLIST_KEY_UIApplicationSceneManifest_Generation = YES;
				INFOPLIST_KEY_UIApplicationSupportsIndirectInputEvents = YES;
				INFOPLIST_KEY_UILaunchScreen_Generation = YES;
				INFOPLIST_KEY_UISupportedInterfaceOrientations_iPad = "UIInterfaceOrientationPortrait UIInterfaceOrientationPortraitUpsideDown UIInterfaceOrientationLandscapeLeft UIInterfaceOrientationLandscapeRight";
				INFOPLIST_KEY_UISupportedInterfaceOrientations_iPhone = "UIInterfaceOrientationPortrait UIInterfaceOrientationLandscapeLeft UIInterfaceOrientationLandscapeRight";
				LD_RUNPATH_SEARCH_PATHS = (
					"$(inherited)",
					"@executable_path/Frameworks",
				);
				MARKETING_VERSION = 1.0;
				PRODUCT_BUNDLE_IDENTIFIER = com.landmark;
				PRODUCT_NAME = "$(TARGET_NAME)";
				SWIFT_EMIT_LOC_STRINGS = YES;
				SWIFT_VERSION = 5.0;
				TARGETED_DEVICE_FAMILY = "1,2";
			};
			name = Release;
		};
		805771EF27F48325004179D2 /* Debug */ = {
			isa = XCBuildConfiguration;
			buildSettings = {
				ALWAYS_EMBED_SWIFT_STANDARD_LIBRARIES = YES;
				BUNDLE_LOADER = "$(TEST_HOST)";
				CODE_SIGN_STYLE = Automatic;
				CURRENT_PROJECT_VERSION = 1;
				GENERATE_INFOPLIST_FILE = YES;
				IPHONEOS_DEPLOYMENT_TARGET = 15.4;
				MARKETING_VERSION = 1.0;
				PRODUCT_BUNDLE_IDENTIFIER = com.landmarkTests;
				PRODUCT_NAME = "$(TARGET_NAME)";
				SWIFT_EMIT_LOC_STRINGS = NO;
				SWIFT_VERSION = 5.0;
				TARGETED_DEVICE_FAMILY = "1,2";
				TEST_HOST = "$(BUILT_PRODUCTS_DIR)/landmark.app/landmark";
			};
			name = Debug;
		};
		805771F027F48325004179D2 /* Release */ = {
			isa = XCBuildConfiguration;
			buildSettings = {
				ALWAYS_EMBED_SWIFT_STANDARD_LIBRARIES = YES;
				BUNDLE_LOADER = "$(TEST_HOST)";
				CODE_SIGN_STYLE = Automatic;
				CURRENT_PROJECT_VERSION = 1;
				GENERATE_INFOPLIST_FILE = YES;
				IPHONEOS_DEPLOYMENT_TARGET = 15.4;
				MARKETING_VERSION = 1.0;
				PRODUCT_BUNDLE_IDENTIFIER = com.landmarkTests;
				PRODUCT_NAME = "$(TARGET_NAME)";
				SWIFT_EMIT_LOC_STRINGS = NO;
				SWIFT_VERSION = 5.0;
				TARGETED_DEVICE_FAMILY = "1,2";
				TEST_HOST = "$(BUILT_PRODUCTS_DIR)/landmark.app/landmark";
			};
			name = Release;
		};
		805771F227F48325004179D2 /* Debug */ = {
			isa = XCBuildConfiguration;
			buildSettings = {
				ALWAYS_EMBED_SWIFT_STANDARD_LIBRARIES = YES;
				CODE_SIGN_STYLE = Automatic;
				CURRENT_PROJECT_VERSION = 1;
				GENERATE_INFOPLIST_FILE = YES;
				MARKETING_VERSION = 1.0;
				PRODUCT_BUNDLE_IDENTIFIER = com.landmarkUITests;
				PRODUCT_NAME = "$(TARGET_NAME)";
				SWIFT_EMIT_LOC_STRINGS = NO;
				SWIFT_VERSION = 5.0;
				TARGETED_DEVICE_FAMILY = "1,2";
				TEST_TARGET_NAME = landmark;
			};
			name = Debug;
		};
		805771F327F48325004179D2 /* Release */ = {
			isa = XCBuildConfiguration;
			buildSettings = {
				ALWAYS_EMBED_SWIFT_STANDARD_LIBRARIES = YES;
				CODE_SIGN_STYLE = Automatic;
				CURRENT_PROJECT_VERSION = 1;
				GENERATE_INFOPLIST_FILE = YES;
				MARKETING_VERSION = 1.0;
				PRODUCT_BUNDLE_IDENTIFIER = com.landmarkUITests;
				PRODUCT_NAME = "$(TARGET_NAME)";
				SWIFT_EMIT_LOC_STRINGS = NO;
				SWIFT_VERSION = 5.0;
				TARGETED_DEVICE_FAMILY = "1,2";
				TEST_TARGET_NAME = landmark;
			};
			name = Release;
		};
/* End XCBuildConfiguration section */

/* Begin XCConfigurationList section */
		805771C227F48323004179D2 /* Build configuration list for PBXProject "landmark" */ = {
			isa = XCConfigurationList;
			buildConfigurations = (
				805771E927F48325004179D2 /* Debug */,
				805771EA27F48325004179D2 /* Release */,
			);
			defaultConfigurationIsVisible = 0;
			defaultConfigurationName = Release;
		};
		805771EB27F48325004179D2 /* Build configuration list for PBXNativeTarget "landmark" */ = {
			isa = XCConfigurationList;
			buildConfigurations = (
				805771EC27F48325004179D2 /* Debug */,
				805771ED27F48325004179D2 /* Release */,
			);
			defaultConfigurationIsVisible = 0;
			defaultConfigurationName = Release;
		};
		805771EE27F48325004179D2 /* Build configuration list for PBXNativeTarget "landmarkTests" */ = {
			isa = XCConfigurationList;
			buildConfigurations = (
				805771EF27F48325004179D2 /* Debug */,
				805771F027F48325004179D2 /* Release */,
			);
			defaultConfigurationIsVisible = 0;
			defaultConfigurationName = Release;
		};
		805771F127F48325004179D2 /* Build configuration list for PBXNativeTarget "landmarkUITests" */ = {
			isa = XCConfigurationList;
			buildConfigurations = (
				805771F227F48325004179D2 /* Debug */,
				805771F327F48325004179D2 /* Release */,
			);
			defaultConfigurationIsVisible = 0;
			defaultConfigurationName = Release;
		};
/* End XCConfigurationList section */
	};
	rootObject = 805771BF27F48323004179D2 /* Project object */;
}
